// !$*UTF8*$!
{
	archiveVersion = 1;
	classes = {
	};
	objectVersion = 50;
	objects = {

/* Begin PBXBuildFile section */
		AE7E7A7FA0346278D457DE75 /* Pods_Messages_App.framework in Frameworks */ = {isa = PBXBuildFile; fileRef = 523D3468FE9230A91CD7C8F9 /* Pods_Messages_App.framework */; };
		DA25C818242B01870005AB3C /* LoginViewController.swift in Sources */ = {isa = PBXBuildFile; fileRef = DA25C817242B01870005AB3C /* LoginViewController.swift */; };
		DA25C81A242B09CC0005AB3C /* SetupProfileViewController.swift in Sources */ = {isa = PBXBuildFile; fileRef = DA25C819242B09CC0005AB3C /* SetupProfileViewController.swift */; };
		DA25C81C242B10A20005AB3C /* AddPhotoView.swift in Sources */ = {isa = PBXBuildFile; fileRef = DA25C81B242B10A20005AB3C /* AddPhotoView.swift */; };
		DA25C81E242B18D70005AB3C /* UISegmentedControl+.swift in Sources */ = {isa = PBXBuildFile; fileRef = DA25C81D242B18D70005AB3C /* UISegmentedControl+.swift */; };
		DA25C821242BA7D30005AB3C /* ListViewController.swift in Sources */ = {isa = PBXBuildFile; fileRef = DA25C820242BA7D30005AB3C /* ListViewController.swift */; };
		DA25C823242BA8ED0005AB3C /* PeopleViewController.swift in Sources */ = {isa = PBXBuildFile; fileRef = DA25C822242BA8ED0005AB3C /* PeopleViewController.swift */; };
		DA25C825242BA91C0005AB3C /* MainTabBarController.swift in Sources */ = {isa = PBXBuildFile; fileRef = DA25C824242BA91C0005AB3C /* MainTabBarController.swift */; };
		DA48D6682429F8F2001BA1CF /* UIButton+.swift in Sources */ = {isa = PBXBuildFile; fileRef = DA48D6672429F8F2001BA1CF /* UIButton+.swift */; };
		DA48D66A2429FB54001BA1CF /* UIFont+.swift in Sources */ = {isa = PBXBuildFile; fileRef = DA48D6692429FB54001BA1CF /* UIFont+.swift */; };
		DA48D66C2429FC68001BA1CF /* UIColor+.swift in Sources */ = {isa = PBXBuildFile; fileRef = DA48D66B2429FC68001BA1CF /* UIColor+.swift */; };
		DA48D66E242A014A001BA1CF /* UILabel+.swift in Sources */ = {isa = PBXBuildFile; fileRef = DA48D66D242A014A001BA1CF /* UILabel+.swift */; };
		DA48D670242A01F8001BA1CF /* UIImageView+.swift in Sources */ = {isa = PBXBuildFile; fileRef = DA48D66F242A01F8001BA1CF /* UIImageView+.swift */; };
		DA8947DA242A0E4B004240AD /* ButtonFormView.swift in Sources */ = {isa = PBXBuildFile; fileRef = DA8947D9242A0E4B004240AD /* ButtonFormView.swift */; };
		DA8947DC242A1253004240AD /* UIStackView+.swift in Sources */ = {isa = PBXBuildFile; fileRef = DA8947DB242A1253004240AD /* UIStackView+.swift */; };
		DA90ACFA242D0BB1003E41B7 /* GradientView.swift in Sources */ = {isa = PBXBuildFile; fileRef = DA90ACF9242D0BB1003E41B7 /* GradientView.swift */; };
		DA90ACFD242D14B2003E41B7 /* SelfConfiguringCell.swift in Sources */ = {isa = PBXBuildFile; fileRef = DA90ACFC242D14B1003E41B7 /* SelfConfiguringCell.swift */; };
		DA90ACFF242D14E4003E41B7 /* WaitingChatCell.swift in Sources */ = {isa = PBXBuildFile; fileRef = DA90ACFE242D14E4003E41B7 /* WaitingChatCell.swift */; };
		DA90AD01242DA87F003E41B7 /* SectionHeader.swift in Sources */ = {isa = PBXBuildFile; fileRef = DA90AD00242DA87F003E41B7 /* SectionHeader.swift */; };
		DA90AD04242DB4FF003E41B7 /* users.json in Resources */ = {isa = PBXBuildFile; fileRef = DA90AD03242DB4FF003E41B7 /* users.json */; };
		DA90AD07242DB775003E41B7 /* MChat.swift in Sources */ = {isa = PBXBuildFile; fileRef = DA90AD06242DB775003E41B7 /* MChat.swift */; };
		DA90AD09242DB79B003E41B7 /* MUser.swift in Sources */ = {isa = PBXBuildFile; fileRef = DA90AD08242DB79B003E41B7 /* MUser.swift */; };
		DA90AD0C242DBA69003E41B7 /* UserCell.swift in Sources */ = {isa = PBXBuildFile; fileRef = DA90AD0B242DBA69003E41B7 /* UserCell.swift */; };
		DA90AD0E242DFD20003E41B7 /* UIViewController+.swift in Sources */ = {isa = PBXBuildFile; fileRef = DA90AD0D242DFD20003E41B7 /* UIViewController+.swift */; };
		DADA4881242CADC000E01F05 /* activeChats.json in Resources */ = {isa = PBXBuildFile; fileRef = DADA487F242CADBF00E01F05 /* activeChats.json */; };
		DADA4882242CADC000E01F05 /* waitingChats.json in Resources */ = {isa = PBXBuildFile; fileRef = DADA4880242CADC000E01F05 /* waitingChats.json */; };
		DADA4884242CADCB00E01F05 /* Bundle-Decodable.swift in Sources */ = {isa = PBXBuildFile; fileRef = DADA4883242CADCB00E01F05 /* Bundle-Decodable.swift */; };
		DADA4888242CE08100E01F05 /* ActiveChatCell.swift in Sources */ = {isa = PBXBuildFile; fileRef = DADA4887242CE08000E01F05 /* ActiveChatCell.swift */; };
		DADC3DB7242A3BFB00BC304E /* SignUpViewController.swift in Sources */ = {isa = PBXBuildFile; fileRef = DADC3DB6242A3BFB00BC304E /* SignUpViewController.swift */; };
		DADC3DB9242A3FC500BC304E /* OneLineTextField.swift in Sources */ = {isa = PBXBuildFile; fileRef = DADC3DB8242A3FC500BC304E /* OneLineTextField.swift */; };
		DAE6445A2429D1810001467C /* AppDelegate.swift in Sources */ = {isa = PBXBuildFile; fileRef = DAE644592429D1810001467C /* AppDelegate.swift */; };
		DAE6445C2429D1810001467C /* SceneDelegate.swift in Sources */ = {isa = PBXBuildFile; fileRef = DAE6445B2429D1810001467C /* SceneDelegate.swift */; };
		DAE6445E2429D1810001467C /* AuthViewController.swift in Sources */ = {isa = PBXBuildFile; fileRef = DAE6445D2429D1810001467C /* AuthViewController.swift */; };
		DAE644632429D1830001467C /* Assets.xcassets in Resources */ = {isa = PBXBuildFile; fileRef = DAE644622429D1830001467C /* Assets.xcassets */; };
		DAE644662429D1830001467C /* LaunchScreen.storyboard in Resources */ = {isa = PBXBuildFile; fileRef = DAE644642429D1830001467C /* LaunchScreen.storyboard */; };
/* End PBXBuildFile section */

/* Begin PBXFileReference section */
		4D0AC753357345D5C9E13435 /* Pods-Messages-App.release.xcconfig */ = {isa = PBXFileReference; includeInIndex = 1; lastKnownFileType = text.xcconfig; name = "Pods-Messages-App.release.xcconfig"; path = "Target Support Files/Pods-Messages-App/Pods-Messages-App.release.xcconfig"; sourceTree = "<group>"; };
		523D3468FE9230A91CD7C8F9 /* Pods_Messages_App.framework */ = {isa = PBXFileReference; explicitFileType = wrapper.framework; includeInIndex = 0; path = Pods_Messages_App.framework; sourceTree = BUILT_PRODUCTS_DIR; };
		CDDD23D440CE6886346F6477 /* Pods-Messages-App.debug.xcconfig */ = {isa = PBXFileReference; includeInIndex = 1; lastKnownFileType = text.xcconfig; name = "Pods-Messages-App.debug.xcconfig"; path = "Target Support Files/Pods-Messages-App/Pods-Messages-App.debug.xcconfig"; sourceTree = "<group>"; };
		DA25C817242B01870005AB3C /* LoginViewController.swift */ = {isa = PBXFileReference; lastKnownFileType = sourcecode.swift; path = LoginViewController.swift; sourceTree = "<group>"; };
		DA25C819242B09CC0005AB3C /* SetupProfileViewController.swift */ = {isa = PBXFileReference; lastKnownFileType = sourcecode.swift; path = SetupProfileViewController.swift; sourceTree = "<group>"; };
		DA25C81B242B10A20005AB3C /* AddPhotoView.swift */ = {isa = PBXFileReference; lastKnownFileType = sourcecode.swift; path = AddPhotoView.swift; sourceTree = "<group>"; };
		DA25C81D242B18D70005AB3C /* UISegmentedControl+.swift */ = {isa = PBXFileReference; lastKnownFileType = sourcecode.swift; path = "UISegmentedControl+.swift"; sourceTree = "<group>"; };
		DA25C820242BA7D30005AB3C /* ListViewController.swift */ = {isa = PBXFileReference; lastKnownFileType = sourcecode.swift; path = ListViewController.swift; sourceTree = "<group>"; };
		DA25C822242BA8ED0005AB3C /* PeopleViewController.swift */ = {isa = PBXFileReference; lastKnownFileType = sourcecode.swift; path = PeopleViewController.swift; sourceTree = "<group>"; };
		DA25C824242BA91C0005AB3C /* MainTabBarController.swift */ = {isa = PBXFileReference; lastKnownFileType = sourcecode.swift; path = MainTabBarController.swift; sourceTree = "<group>"; };
		DA48D6672429F8F2001BA1CF /* UIButton+.swift */ = {isa = PBXFileReference; lastKnownFileType = sourcecode.swift; path = "UIButton+.swift"; sourceTree = "<group>"; };
		DA48D6692429FB54001BA1CF /* UIFont+.swift */ = {isa = PBXFileReference; lastKnownFileType = sourcecode.swift; path = "UIFont+.swift"; sourceTree = "<group>"; };
		DA48D66B2429FC68001BA1CF /* UIColor+.swift */ = {isa = PBXFileReference; lastKnownFileType = sourcecode.swift; path = "UIColor+.swift"; sourceTree = "<group>"; };
		DA48D66D242A014A001BA1CF /* UILabel+.swift */ = {isa = PBXFileReference; lastKnownFileType = sourcecode.swift; path = "UILabel+.swift"; sourceTree = "<group>"; };
		DA48D66F242A01F8001BA1CF /* UIImageView+.swift */ = {isa = PBXFileReference; lastKnownFileType = sourcecode.swift; path = "UIImageView+.swift"; sourceTree = "<group>"; };
		DA8947D9242A0E4B004240AD /* ButtonFormView.swift */ = {isa = PBXFileReference; lastKnownFileType = sourcecode.swift; path = ButtonFormView.swift; sourceTree = "<group>"; };
		DA8947DB242A1253004240AD /* UIStackView+.swift */ = {isa = PBXFileReference; lastKnownFileType = sourcecode.swift; path = "UIStackView+.swift"; sourceTree = "<group>"; };
		DA90ACF9242D0BB1003E41B7 /* GradientView.swift */ = {isa = PBXFileReference; lastKnownFileType = sourcecode.swift; path = GradientView.swift; sourceTree = "<group>"; };
		DA90ACFC242D14B1003E41B7 /* SelfConfiguringCell.swift */ = {isa = PBXFileReference; lastKnownFileType = sourcecode.swift; path = SelfConfiguringCell.swift; sourceTree = "<group>"; };
		DA90ACFE242D14E4003E41B7 /* WaitingChatCell.swift */ = {isa = PBXFileReference; lastKnownFileType = sourcecode.swift; path = WaitingChatCell.swift; sourceTree = "<group>"; };
		DA90AD00242DA87F003E41B7 /* SectionHeader.swift */ = {isa = PBXFileReference; lastKnownFileType = sourcecode.swift; path = SectionHeader.swift; sourceTree = "<group>"; };
		DA90AD03242DB4FF003E41B7 /* users.json */ = {isa = PBXFileReference; fileEncoding = 4; lastKnownFileType = text.json; path = users.json; sourceTree = "<group>"; };
		DA90AD06242DB775003E41B7 /* MChat.swift */ = {isa = PBXFileReference; lastKnownFileType = sourcecode.swift; path = MChat.swift; sourceTree = "<group>"; };
		DA90AD08242DB79B003E41B7 /* MUser.swift */ = {isa = PBXFileReference; lastKnownFileType = sourcecode.swift; path = MUser.swift; sourceTree = "<group>"; };
		DA90AD0B242DBA69003E41B7 /* UserCell.swift */ = {isa = PBXFileReference; lastKnownFileType = sourcecode.swift; path = UserCell.swift; sourceTree = "<group>"; };
		DA90AD0D242DFD20003E41B7 /* UIViewController+.swift */ = {isa = PBXFileReference; lastKnownFileType = sourcecode.swift; path = "UIViewController+.swift"; sourceTree = "<group>"; };
		DADA487F242CADBF00E01F05 /* activeChats.json */ = {isa = PBXFileReference; fileEncoding = 4; lastKnownFileType = text.json; path = activeChats.json; sourceTree = "<group>"; };
		DADA4880242CADC000E01F05 /* waitingChats.json */ = {isa = PBXFileReference; fileEncoding = 4; lastKnownFileType = text.json; path = waitingChats.json; sourceTree = "<group>"; };
		DADA4883242CADCB00E01F05 /* Bundle-Decodable.swift */ = {isa = PBXFileReference; fileEncoding = 4; lastKnownFileType = sourcecode.swift; path = "Bundle-Decodable.swift"; sourceTree = "<group>"; };
		DADA4887242CE08000E01F05 /* ActiveChatCell.swift */ = {isa = PBXFileReference; lastKnownFileType = sourcecode.swift; path = ActiveChatCell.swift; sourceTree = "<group>"; };
		DADC3DB6242A3BFB00BC304E /* SignUpViewController.swift */ = {isa = PBXFileReference; lastKnownFileType = sourcecode.swift; path = SignUpViewController.swift; sourceTree = "<group>"; };
		DADC3DB8242A3FC500BC304E /* OneLineTextField.swift */ = {isa = PBXFileReference; lastKnownFileType = sourcecode.swift; path = OneLineTextField.swift; sourceTree = "<group>"; };
		DAE644562429D1810001467C /* Messages-App.app */ = {isa = PBXFileReference; explicitFileType = wrapper.application; includeInIndex = 0; path = "Messages-App.app"; sourceTree = BUILT_PRODUCTS_DIR; };
		DAE644592429D1810001467C /* AppDelegate.swift */ = {isa = PBXFileReference; lastKnownFileType = sourcecode.swift; path = AppDelegate.swift; sourceTree = "<group>"; };
		DAE6445B2429D1810001467C /* SceneDelegate.swift */ = {isa = PBXFileReference; lastKnownFileType = sourcecode.swift; path = SceneDelegate.swift; sourceTree = "<group>"; };
		DAE6445D2429D1810001467C /* AuthViewController.swift */ = {isa = PBXFileReference; lastKnownFileType = sourcecode.swift; path = AuthViewController.swift; sourceTree = "<group>"; };
		DAE644622429D1830001467C /* Assets.xcassets */ = {isa = PBXFileReference; lastKnownFileType = folder.assetcatalog; path = Assets.xcassets; sourceTree = "<group>"; };
		DAE644652429D1830001467C /* Base */ = {isa = PBXFileReference; lastKnownFileType = file.storyboard; name = Base; path = Base.lproj/LaunchScreen.storyboard; sourceTree = "<group>"; };
		DAE644672429D1830001467C /* Info.plist */ = {isa = PBXFileReference; lastKnownFileType = text.plist.xml; path = Info.plist; sourceTree = "<group>"; };
/* End PBXFileReference section */

/* Begin PBXFrameworksBuildPhase section */
		DAE644532429D1810001467C /* Frameworks */ = {
			isa = PBXFrameworksBuildPhase;
			buildActionMask = 2147483647;
			files = (
				AE7E7A7FA0346278D457DE75 /* Pods_Messages_App.framework in Frameworks */,
			);
			runOnlyForDeploymentPostprocessing = 0;
		};
/* End PBXFrameworksBuildPhase section */

/* Begin PBXGroup section */
		6275FA23254267D1A254FD46 /* Frameworks */ = {
			isa = PBXGroup;
			children = (
				523D3468FE9230A91CD7C8F9 /* Pods_Messages_App.framework */,
			);
			name = Frameworks;
			sourceTree = "<group>";
		};
		DA25C81F242BA7B50005AB3C /* SignIn&Auth */ = {
			isa = PBXGroup;
			children = (
				DAE6445D2429D1810001467C /* AuthViewController.swift */,
				DADC3DB6242A3BFB00BC304E /* SignUpViewController.swift */,
				DA25C817242B01870005AB3C /* LoginViewController.swift */,
				DA25C819242B09CC0005AB3C /* SetupProfileViewController.swift */,
			);
			path = "SignIn&Auth";
			sourceTree = "<group>";
		};
		DA48D6652429F8D4001BA1CF /* Extensions */ = {
			isa = PBXGroup;
			children = (
				DADA4883242CADCB00E01F05 /* Bundle-Decodable.swift */,
				DA8947D9242A0E4B004240AD /* ButtonFormView.swift */,
				DADC3DB8242A3FC500BC304E /* OneLineTextField.swift */,
				DA25C81B242B10A20005AB3C /* AddPhotoView.swift */,
				DA90ACF9242D0BB1003E41B7 /* GradientView.swift */,
				DA8947DD242A12DA004240AD /* UIKit */,
			);
			path = Extensions;
			sourceTree = "<group>";
		};
		DA48D6662429F8DD001BA1CF /* Views */ = {
			isa = PBXGroup;
			children = (
				DADA4885242CDFF200E01F05 /* MainTabBar */,
				DA25C81F242BA7B50005AB3C /* SignIn&Auth */,
			);
			path = Views;
			sourceTree = "<group>";
		};
		DA8947DD242A12DA004240AD /* UIKit */ = {
			isa = PBXGroup;
			children = (
				DA48D6672429F8F2001BA1CF /* UIButton+.swift */,
				DA48D6692429FB54001BA1CF /* UIFont+.swift */,
				DA48D66B2429FC68001BA1CF /* UIColor+.swift */,
				DA48D66D242A014A001BA1CF /* UILabel+.swift */,
				DA48D66F242A01F8001BA1CF /* UIImageView+.swift */,
				DA8947DB242A1253004240AD /* UIStackView+.swift */,
				DA25C81D242B18D70005AB3C /* UISegmentedControl+.swift */,
				DA90AD0D242DFD20003E41B7 /* UIViewController+.swift */,
			);
			path = UIKit;
			sourceTree = "<group>";
		};
		DA90ACFB242D14A1003E41B7 /* Protocols */ = {
			isa = PBXGroup;
			children = (
				DA90ACFC242D14B1003E41B7 /* SelfConfiguringCell.swift */,
			);
			path = Protocols;
			sourceTree = "<group>";
		};
		DA90AD02242DB4A2003E41B7 /* Header */ = {
			isa = PBXGroup;
			children = (
				DA90AD00242DA87F003E41B7 /* SectionHeader.swift */,
			);
			path = Header;
			sourceTree = "<group>";
		};
		DA90AD05242DB533003E41B7 /* FakeData */ = {
			isa = PBXGroup;
			children = (
				DA90AD03242DB4FF003E41B7 /* users.json */,
				DADA487F242CADBF00E01F05 /* activeChats.json */,
				DADA4880242CADC000E01F05 /* waitingChats.json */,
			);
			path = FakeData;
			sourceTree = "<group>";
		};
		DA90AD0A242DB830003E41B7 /* Models */ = {
			isa = PBXGroup;
			children = (
				DA90AD06242DB775003E41B7 /* MChat.swift */,
				DA90AD08242DB79B003E41B7 /* MUser.swift */,
			);
			path = Models;
			sourceTree = "<group>";
		};
		DADA4885242CDFF200E01F05 /* MainTabBar */ = {
			isa = PBXGroup;
			children = (
				DA90AD02242DB4A2003E41B7 /* Header */,
				DADA4886242CE06500E01F05 /* Cell */,
				DA25C824242BA91C0005AB3C /* MainTabBarController.swift */,
				DA25C820242BA7D30005AB3C /* ListViewController.swift */,
				DA25C822242BA8ED0005AB3C /* PeopleViewController.swift */,
			);
			path = MainTabBar;
			sourceTree = "<group>";
		};
		DADA4886242CE06500E01F05 /* Cell */ = {
			isa = PBXGroup;
			children = (
				DADA4887242CE08000E01F05 /* ActiveChatCell.swift */,
				DA90ACFE242D14E4003E41B7 /* WaitingChatCell.swift */,
				DA90AD0B242DBA69003E41B7 /* UserCell.swift */,
			);
			path = Cell;
			sourceTree = "<group>";
		};
		DAE6444D2429D1810001467C = {
			isa = PBXGroup;
			children = (
				DAE644582429D1810001467C /* Messages-App */,
				DAE644572429D1810001467C /* Products */,
				E530C3D0C664B28E35070C0B /* Pods */,
				6275FA23254267D1A254FD46 /* Frameworks */,
			);
			sourceTree = "<group>";
		};
		DAE644572429D1810001467C /* Products */ = {
			isa = PBXGroup;
			children = (
				DAE644562429D1810001467C /* Messages-App.app */,
			);
			name = Products;
			sourceTree = "<group>";
		};
		DAE644582429D1810001467C /* Messages-App */ = {
			isa = PBXGroup;
			children = (
				DA90AD0A242DB830003E41B7 /* Models */,
				DA90AD05242DB533003E41B7 /* FakeData */,
				DA48D6662429F8DD001BA1CF /* Views */,
				DA90ACFB242D14A1003E41B7 /* Protocols */,
				DA48D6652429F8D4001BA1CF /* Extensions */,
				DAE644592429D1810001467C /* AppDelegate.swift */,
				DAE6445B2429D1810001467C /* SceneDelegate.swift */,
				DAE644622429D1830001467C /* Assets.xcassets */,
				DAE644642429D1830001467C /* LaunchScreen.storyboard */,
				DAE644672429D1830001467C /* Info.plist */,
			);
			path = "Messages-App";
			sourceTree = "<group>";
		};
		E530C3D0C664B28E35070C0B /* Pods */ = {
			isa = PBXGroup;
			children = (
				CDDD23D440CE6886346F6477 /* Pods-Messages-App.debug.xcconfig */,
				4D0AC753357345D5C9E13435 /* Pods-Messages-App.release.xcconfig */,
			);
			path = Pods;
			sourceTree = "<group>";
		};
/* End PBXGroup section */

/* Begin PBXNativeTarget section */
		DAE644552429D1810001467C /* Messages-App */ = {
			isa = PBXNativeTarget;
			buildConfigurationList = DAE6446A2429D1830001467C /* Build configuration list for PBXNativeTarget "Messages-App" */;
			buildPhases = (
				DA48D6642429DF68001BA1CF /* ShellScript */,
				3B16704A9A1BDF1D6ACD8924 /* [CP] Check Pods Manifest.lock */,
				DAE644522429D1810001467C /* Sources */,
				DAE644532429D1810001467C /* Frameworks */,
				DAE644542429D1810001467C /* Resources */,
			);
			buildRules = (
			);
			dependencies = (
			);
			name = "Messages-App";
			productName = "Messages-App";
			productReference = DAE644562429D1810001467C /* Messages-App.app */;
			productType = "com.apple.product-type.application";
		};
/* End PBXNativeTarget section */

/* Begin PBXProject section */
		DAE6444E2429D1810001467C /* Project object */ = {
			isa = PBXProject;
			attributes = {
				LastSwiftUpdateCheck = 1120;
				LastUpgradeCheck = 1120;
				ORGANIZATIONNAME = "Дмитрий Константинов";
				TargetAttributes = {
					DAE644552429D1810001467C = {
						CreatedOnToolsVersion = 11.2;
					};
				};
			};
			buildConfigurationList = DAE644512429D1810001467C /* Build configuration list for PBXProject "Messages-App" */;
			compatibilityVersion = "Xcode 9.3";
			developmentRegion = en;
			hasScannedForEncodings = 0;
			knownRegions = (
				en,
				Base,
			);
			mainGroup = DAE6444D2429D1810001467C;
			productRefGroup = DAE644572429D1810001467C /* Products */;
			projectDirPath = "";
			projectRoot = "";
			targets = (
				DAE644552429D1810001467C /* Messages-App */,
			);
		};
/* End PBXProject section */

/* Begin PBXResourcesBuildPhase section */
		DAE644542429D1810001467C /* Resources */ = {
			isa = PBXResourcesBuildPhase;
			buildActionMask = 2147483647;
			files = (
				DA90AD04242DB4FF003E41B7 /* users.json in Resources */,
				DAE644662429D1830001467C /* LaunchScreen.storyboard in Resources */,
				DADA4881242CADC000E01F05 /* activeChats.json in Resources */,
				DAE644632429D1830001467C /* Assets.xcassets in Resources */,
				DADA4882242CADC000E01F05 /* waitingChats.json in Resources */,
			);
			runOnlyForDeploymentPostprocessing = 0;
		};
/* End PBXResourcesBuildPhase section */

/* Begin PBXShellScriptBuildPhase section */
		3B16704A9A1BDF1D6ACD8924 /* [CP] Check Pods Manifest.lock */ = {
			isa = PBXShellScriptBuildPhase;
			buildActionMask = 2147483647;
			files = (
			);
			inputFileListPaths = (
			);
			inputPaths = (
				"${PODS_PODFILE_DIR_PATH}/Podfile.lock",
				"${PODS_ROOT}/Manifest.lock",
			);
			name = "[CP] Check Pods Manifest.lock";
			outputFileListPaths = (
			);
			outputPaths = (
				"$(DERIVED_FILE_DIR)/Pods-Messages-App-checkManifestLockResult.txt",
			);
			runOnlyForDeploymentPostprocessing = 0;
			shellPath = /bin/sh;
			shellScript = "diff \"${PODS_PODFILE_DIR_PATH}/Podfile.lock\" \"${PODS_ROOT}/Manifest.lock\" > /dev/null\nif [ $? != 0 ] ; then\n    # print error to STDERR\n    echo \"error: The sandbox is not in sync with the Podfile.lock. Run 'pod install' or update your CocoaPods installation.\" >&2\n    exit 1\nfi\n# This output is used by Xcode 'outputs' to avoid re-running this script phase.\necho \"SUCCESS\" > \"${SCRIPT_OUTPUT_FILE_0}\"\n";
			showEnvVarsInLog = 0;
		};
		DA48D6642429DF68001BA1CF /* ShellScript */ = {
			isa = PBXShellScriptBuildPhase;
			buildActionMask = 2147483647;
			files = (
			);
			inputFileListPaths = (
			);
			inputPaths = (
			);
			outputFileListPaths = (
			);
			outputPaths = (
			);
			runOnlyForDeploymentPostprocessing = 0;
			shellPath = /bin/sh;
			shellScript = "${PODS_ROOT}/SwiftLint/swiftlint\n";
		};
/* End PBXShellScriptBuildPhase section */

/* Begin PBXSourcesBuildPhase section */
		DAE644522429D1810001467C /* Sources */ = {
			isa = PBXSourcesBuildPhase;
			buildActionMask = 2147483647;
			files = (
				DA25C821242BA7D30005AB3C /* ListViewController.swift in Sources */,
				DADC3DB9242A3FC500BC304E /* OneLineTextField.swift in Sources */,
				DA90AD01242DA87F003E41B7 /* SectionHeader.swift in Sources */,
				DA90ACFA242D0BB1003E41B7 /* GradientView.swift in Sources */,
				DADC3DB7242A3BFB00BC304E /* SignUpViewController.swift in Sources */,
				DA48D670242A01F8001BA1CF /* UIImageView+.swift in Sources */,
				DADA4888242CE08100E01F05 /* ActiveChatCell.swift in Sources */,
				DAE6445E2429D1810001467C /* AuthViewController.swift in Sources */,
				DA25C823242BA8ED0005AB3C /* PeopleViewController.swift in Sources */,
				DA25C81A242B09CC0005AB3C /* SetupProfileViewController.swift in Sources */,
				DADA4884242CADCB00E01F05 /* Bundle-Decodable.swift in Sources */,
				DA90AD0E242DFD20003E41B7 /* UIViewController+.swift in Sources */,
				DAE6445A2429D1810001467C /* AppDelegate.swift in Sources */,
				DA90ACFD242D14B2003E41B7 /* SelfConfiguringCell.swift in Sources */,
				DA90AD09242DB79B003E41B7 /* MUser.swift in Sources */,
				DA48D66A2429FB54001BA1CF /* UIFont+.swift in Sources */,
				DA25C81C242B10A20005AB3C /* AddPhotoView.swift in Sources */,
				DA90AD0C242DBA69003E41B7 /* UserCell.swift in Sources */,
				DAE6445C2429D1810001467C /* SceneDelegate.swift in Sources */,
				DA8947DC242A1253004240AD /* UIStackView+.swift in Sources */,
				DA25C81E242B18D70005AB3C /* UISegmentedControl+.swift in Sources */,
				DA25C825242BA91C0005AB3C /* MainTabBarController.swift in Sources */,
				DA48D66E242A014A001BA1CF /* UILabel+.swift in Sources */,
				DA90ACFF242D14E4003E41B7 /* WaitingChatCell.swift in Sources */,
				DA8947DA242A0E4B004240AD /* ButtonFormView.swift in Sources */,
				DA48D6682429F8F2001BA1CF /* UIButton+.swift in Sources */,
				DA90AD07242DB775003E41B7 /* MChat.swift in Sources */,
				DA25C818242B01870005AB3C /* LoginViewController.swift in Sources */,
				DA48D66C2429FC68001BA1CF /* UIColor+.swift in Sources */,
			);
			runOnlyForDeploymentPostprocessing = 0;
		};
/* End PBXSourcesBuildPhase section */

/* Begin PBXVariantGroup section */
		DAE644642429D1830001467C /* LaunchScreen.storyboard */ = {
			isa = PBXVariantGroup;
			children = (
				DAE644652429D1830001467C /* Base */,
			);
			name = LaunchScreen.storyboard;
			sourceTree = "<group>";
		};
/* End PBXVariantGroup section */

/* Begin XCBuildConfiguration section */
		DAE644682429D1830001467C /* Debug */ = {
			isa = XCBuildConfiguration;
			buildSettings = {
				ALWAYS_SEARCH_USER_PATHS = NO;
				CLANG_ANALYZER_NONNULL = YES;
				CLANG_ANALYZER_NUMBER_OBJECT_CONVERSION = YES_AGGRESSIVE;
				CLANG_CXX_LANGUAGE_STANDARD = "gnu++14";
				CLANG_CXX_LIBRARY = "libc++";
				CLANG_ENABLE_MODULES = YES;
				CLANG_ENABLE_OBJC_ARC = YES;
				CLANG_ENABLE_OBJC_WEAK = YES;
				CLANG_WARN_BLOCK_CAPTURE_AUTORELEASING = YES;
				CLANG_WARN_BOOL_CONVERSION = YES;
				CLANG_WARN_COMMA = YES;
				CLANG_WARN_CONSTANT_CONVERSION = YES;
				CLANG_WARN_DEPRECATED_OBJC_IMPLEMENTATIONS = YES;
				CLANG_WARN_DIRECT_OBJC_ISA_USAGE = YES_ERROR;
				CLANG_WARN_DOCUMENTATION_COMMENTS = YES;
				CLANG_WARN_EMPTY_BODY = YES;
				CLANG_WARN_ENUM_CONVERSION = YES;
				CLANG_WARN_INFINITE_RECURSION = YES;
				CLANG_WARN_INT_CONVERSION = YES;
				CLANG_WARN_NON_LITERAL_NULL_CONVERSION = YES;
				CLANG_WARN_OBJC_IMPLICIT_RETAIN_SELF = YES;
				CLANG_WARN_OBJC_LITERAL_CONVERSION = YES;
				CLANG_WARN_OBJC_ROOT_CLASS = YES_ERROR;
				CLANG_WARN_RANGE_LOOP_ANALYSIS = YES;
				CLANG_WARN_STRICT_PROTOTYPES = YES;
				CLANG_WARN_SUSPICIOUS_MOVE = YES;
				CLANG_WARN_UNGUARDED_AVAILABILITY = YES_AGGRESSIVE;
				CLANG_WARN_UNREACHABLE_CODE = YES;
				CLANG_WARN__DUPLICATE_METHOD_MATCH = YES;
				COPY_PHASE_STRIP = NO;
				DEBUG_INFORMATION_FORMAT = dwarf;
				ENABLE_STRICT_OBJC_MSGSEND = YES;
				ENABLE_TESTABILITY = YES;
				GCC_C_LANGUAGE_STANDARD = gnu11;
				GCC_DYNAMIC_NO_PIC = NO;
				GCC_NO_COMMON_BLOCKS = YES;
				GCC_OPTIMIZATION_LEVEL = 0;
				GCC_PREPROCESSOR_DEFINITIONS = (
					"DEBUG=1",
					"$(inherited)",
				);
				GCC_WARN_64_TO_32_BIT_CONVERSION = YES;
				GCC_WARN_ABOUT_RETURN_TYPE = YES_ERROR;
				GCC_WARN_UNDECLARED_SELECTOR = YES;
				GCC_WARN_UNINITIALIZED_AUTOS = YES_AGGRESSIVE;
				GCC_WARN_UNUSED_FUNCTION = YES;
				GCC_WARN_UNUSED_VARIABLE = YES;
				IPHONEOS_DEPLOYMENT_TARGET = 13.2;
				MTL_ENABLE_DEBUG_INFO = INCLUDE_SOURCE;
				MTL_FAST_MATH = YES;
				ONLY_ACTIVE_ARCH = YES;
				SDKROOT = iphoneos;
				SWIFT_ACTIVE_COMPILATION_CONDITIONS = DEBUG;
				SWIFT_OPTIMIZATION_LEVEL = "-Onone";
			};
			name = Debug;
		};
		DAE644692429D1830001467C /* Release */ = {
			isa = XCBuildConfiguration;
			buildSettings = {
				ALWAYS_SEARCH_USER_PATHS = NO;
				CLANG_ANALYZER_NONNULL = YES;
				CLANG_ANALYZER_NUMBER_OBJECT_CONVERSION = YES_AGGRESSIVE;
				CLANG_CXX_LANGUAGE_STANDARD = "gnu++14";
				CLANG_CXX_LIBRARY = "libc++";
				CLANG_ENABLE_MODULES = YES;
				CLANG_ENABLE_OBJC_ARC = YES;
				CLANG_ENABLE_OBJC_WEAK = YES;
				CLANG_WARN_BLOCK_CAPTURE_AUTORELEASING = YES;
				CLANG_WARN_BOOL_CONVERSION = YES;
				CLANG_WARN_COMMA = YES;
				CLANG_WARN_CONSTANT_CONVERSION = YES;
				CLANG_WARN_DEPRECATED_OBJC_IMPLEMENTATIONS = YES;
				CLANG_WARN_DIRECT_OBJC_ISA_USAGE = YES_ERROR;
				CLANG_WARN_DOCUMENTATION_COMMENTS = YES;
				CLANG_WARN_EMPTY_BODY = YES;
				CLANG_WARN_ENUM_CONVERSION = YES;
				CLANG_WARN_INFINITE_RECURSION = YES;
				CLANG_WARN_INT_CONVERSION = YES;
				CLANG_WARN_NON_LITERAL_NULL_CONVERSION = YES;
				CLANG_WARN_OBJC_IMPLICIT_RETAIN_SELF = YES;
				CLANG_WARN_OBJC_LITERAL_CONVERSION = YES;
				CLANG_WARN_OBJC_ROOT_CLASS = YES_ERROR;
				CLANG_WARN_RANGE_LOOP_ANALYSIS = YES;
				CLANG_WARN_STRICT_PROTOTYPES = YES;
				CLANG_WARN_SUSPICIOUS_MOVE = YES;
				CLANG_WARN_UNGUARDED_AVAILABILITY = YES_AGGRESSIVE;
				CLANG_WARN_UNREACHABLE_CODE = YES;
				CLANG_WARN__DUPLICATE_METHOD_MATCH = YES;
				COPY_PHASE_STRIP = NO;
				DEBUG_INFORMATION_FORMAT = "dwarf-with-dsym";
				ENABLE_NS_ASSERTIONS = NO;
				ENABLE_STRICT_OBJC_MSGSEND = YES;
				GCC_C_LANGUAGE_STANDARD = gnu11;
				GCC_NO_COMMON_BLOCKS = YES;
				GCC_WARN_64_TO_32_BIT_CONVERSION = YES;
				GCC_WARN_ABOUT_RETURN_TYPE = YES_ERROR;
				GCC_WARN_UNDECLARED_SELECTOR = YES;
				GCC_WARN_UNINITIALIZED_AUTOS = YES_AGGRESSIVE;
				GCC_WARN_UNUSED_FUNCTION = YES;
				GCC_WARN_UNUSED_VARIABLE = YES;
				IPHONEOS_DEPLOYMENT_TARGET = 13.2;
				MTL_ENABLE_DEBUG_INFO = NO;
				MTL_FAST_MATH = YES;
				SDKROOT = iphoneos;
				SWIFT_COMPILATION_MODE = wholemodule;
				SWIFT_OPTIMIZATION_LEVEL = "-O";
				VALIDATE_PRODUCT = YES;
			};
			name = Release;
		};
		DAE6446B2429D1830001467C /* Debug */ = {
			isa = XCBuildConfiguration;
			baseConfigurationReference = CDDD23D440CE6886346F6477 /* Pods-Messages-App.debug.xcconfig */;
			buildSettings = {
				ASSETCATALOG_COMPILER_APPICON_NAME = AppIcon;
				CODE_SIGN_STYLE = Automatic;
				DEVELOPMENT_TEAM = V343AH88RK;
				INFOPLIST_FILE = "Messages-App/Info.plist";
				LD_RUNPATH_SEARCH_PATHS = (
					"$(inherited)",
					"@executable_path/Frameworks",
				);
				PRODUCT_BUNDLE_IDENTIFIER = "CasperNEw.Messages-App";
				PRODUCT_NAME = "$(TARGET_NAME)";
				SWIFT_VERSION = 5.0;
				TARGETED_DEVICE_FAMILY = "1,2";
			};
			name = Debug;
		};
		DAE6446C2429D1830001467C /* Release */ = {
			isa = XCBuildConfiguration;
			baseConfigurationReference = 4D0AC753357345D5C9E13435 /* Pods-Messages-App.release.xcconfig */;
			buildSettings = {
				ASSETCATALOG_COMPILER_APPICON_NAME = AppIcon;
				CODE_SIGN_STYLE = Automatic;
				DEVELOPMENT_TEAM = V343AH88RK;
				INFOPLIST_FILE = "Messages-App/Info.plist";
				LD_RUNPATH_SEARCH_PATHS = (
					"$(inherited)",
					"@executable_path/Frameworks",
				);
				PRODUCT_BUNDLE_IDENTIFIER = "CasperNEw.Messages-App";
				PRODUCT_NAME = "$(TARGET_NAME)";
				SWIFT_VERSION = 5.0;
				TARGETED_DEVICE_FAMILY = "1,2";
			};
			name = Release;
		};
/* End XCBuildConfiguration section */

/* Begin XCConfigurationList section */
		DAE644512429D1810001467C /* Build configuration list for PBXProject "Messages-App" */ = {
			isa = XCConfigurationList;
			buildConfigurations = (
				DAE644682429D1830001467C /* Debug */,
				DAE644692429D1830001467C /* Release */,
			);
			defaultConfigurationIsVisible = 0;
			defaultConfigurationName = Release;
		};
		DAE6446A2429D1830001467C /* Build configuration list for PBXNativeTarget "Messages-App" */ = {
			isa = XCConfigurationList;
			buildConfigurations = (
				DAE6446B2429D1830001467C /* Debug */,
				DAE6446C2429D1830001467C /* Release */,
			);
			defaultConfigurationIsVisible = 0;
			defaultConfigurationName = Release;
		};
/* End XCConfigurationList section */
	};
	rootObject = DAE6444E2429D1810001467C /* Project object */;
}
